
Microsoft Visual Studio Solution File, Format Version 12.00
# Visual Studio 15
VisualStudioVersion = 15.0.28307.136
MinimumVisualStudioVersion = 10.0.40219.1
Project("{FAE04EC0-301F-11D3-BF4B-00C04F79EFBC}") = "BCrediTest", "BCrediTest\BCrediTest.csproj", "{3C5BB08B-7390-4F71-A82C-A9D0C02D9685}"
EndProject
Project("{FAE04EC0-301F-11D3-BF4B-00C04F79EFBC}") = "NUnitTestProject", "NUnitTestProject\NUnitTestProject.csproj", "{BCEF25C2-2911-4231-8846-BC1F7E02E508}"
EndProject
Global
	GlobalSection(SolutionConfigurationPlatforms) = preSolution
		Debug|Any CPU = Debug|Any CPU
		Release|Any CPU = Release|Any CPU
	EndGlobalSection
	GlobalSection(ProjectConfigurationPlatforms) = postSolution
		{3C5BB08B-7390-4F71-A82C-A9D0C02D9685}.Debug|Any CPU.ActiveCfg = Debug|Any CPU
		{3C5BB08B-7390-4F71-A82C-A9D0C02D9685}.Debug|Any CPU.Build.0 = Debug|Any CPU
		{3C5BB08B-7390-4F71-A82C-A9D0C02D9685}.Release|Any CPU.ActiveCfg = Release|Any CPU
		{3C5BB08B-7390-4F71-A82C-A9D0C02D9685}.Release|Any CPU.Build.0 = Release|Any CPU
		{BCEF25C2-2911-4231-8846-BC1F7E02E508}.Debug|Any CPU.ActiveCfg = Debug|Any CPU
		{BCEF25C2-2911-4231-8846-BC1F7E02E508}.Debug|Any CPU.Build.0 = Debug|Any CPU
		{BCEF25C2-2911-4231-8846-BC1F7E02E508}.Release|Any CPU.ActiveCfg = Release|Any CPU
		{BCEF25C2-2911-4231-8846-BC1F7E02E508}.Release|Any CPU.Build.0 = Release|Any CPU
	EndGlobalSection
	GlobalSection(SolutionProperties) = preSolution
		HideSolutionNode = FALSE
	EndGlobalSection
	GlobalSection(ExtensibilityGlobals) = postSolution
		SolutionGuid = {836C8D1B-DDCB-4E6D-A199-757C5630DABD}
	EndGlobalSection
EndGlobal
